PODS:
  - MicrosoftCognitiveServicesSpeech-iOS (1.50.0)

DEPENDENCIES:
  - MicrosoftCognitiveServicesSpeech-iOS

SPEC REPOS:
  trunk:
    - MicrosoftCognitiveServicesSpeech-iOS

SPEC CHECKSUMS:
  MicrosoftCognitiveServicesSpeech-iOS: a925e8e70cc301e0edcabb3f47313d0f49239574

PODFILE CHECKSUM: 5178f50bf5b8553ba3f99d0d010b3cbc0d57c372

COCOAPODS: 1.16.2
